
Microsoft Visual Studio Solution File, Format Version 12.00
# Visual Studio 15
VisualStudioVersion = 15.0.28010.2046
MinimumVisualStudioVersion = 10.0.40219.1
Project("{FAE04EC0-301F-11D3-BF4B-00C04F79EFBC}") = "Chapter06", "Chapter06\Chapter06.csproj", "{6321184D-4138-440A-8018-DDC87050DE5D}"
EndProject
Global
	GlobalSection(SolutionConfigurationPlatforms) = preSolution
		Debug|Any CPU = Debug|Any CPU
		Release|Any CPU = Release|Any CPU
	EndGlobalSection
	GlobalSection(ProjectConfigurationPlatforms) = postSolution
		{6321184D-4138-440A-8018-DDC87050DE5D}.Debug|Any CPU.ActiveCfg = Debug|Any CPU
		{6321184D-4138-440A-8018-DDC87050DE5D}.Debug|Any CPU.Build.0 = Debug|Any CPU
		{6321184D-4138-440A-8018-DDC87050DE5D}.Release|Any CPU.ActiveCfg = Release|Any CPU
		{6321184D-4138-440A-8018-DDC87050DE5D}.Release|Any CPU.Build.0 = Release|Any CPU
	EndGlobalSection
	GlobalSection(SolutionProperties) = preSolution
		HideSolutionNode = FALSE
	EndGlobalSection
	GlobalSection(ExtensibilityGlobals) = postSolution
		SolutionGuid = {D03C80B8-BF05-49F4-BAE0-BF496A05229F}
	EndGlobalSection
EndGlobal
